
Microsoft Visual Studio Solution File, Format Version 11.00
# Visual Studio 2010
Project("{FAE04EC0-301F-11D3-BF4B-00C04F79EFBC}") = "DecisionMaking", "DecisionMaking\DecisionMaking.csproj", "{2D12AAAA-E0C3-406A-9E35-AAA2F517BB09}"
EndProject
Project("{FAE04EC0-301F-11D3-BF4B-00C04F79EFBC}") = "Models", "Models\Models.csproj", "{45F8E5F2-7626-4E2B-8F6D-4956F4624F08}"
EndProject
Project("{FAE04EC0-301F-11D3-BF4B-00C04F79EFBC}") = "BLL", "BLL\BLL.csproj", "{D193FD19-A927-4A1E-BD16-C3F16CF72242}"
EndProject
Project("{FAE04EC0-301F-11D3-BF4B-00C04F79EFBC}") = "DataAccess", "DataAccess\DataAccess.csproj", "{09E77D14-1067-40A5-9777-CD7FC39C36AC}"
EndProject
Global
	GlobalSection(SolutionConfigurationPlatforms) = preSolution
		Debug|Any CPU = Debug|Any CPU
		Release|Any CPU = Release|Any CPU
	EndGlobalSection
	GlobalSection(ProjectConfigurationPlatforms) = postSolution
		{2D12AAAA-E0C3-406A-9E35-AAA2F517BB09}.Debug|Any CPU.ActiveCfg = Debug|Any CPU
		{2D12AAAA-E0C3-406A-9E35-AAA2F517BB09}.Debug|Any CPU.Build.0 = Debug|Any CPU
		{2D12AAAA-E0C3-406A-9E35-AAA2F517BB09}.Release|Any CPU.ActiveCfg = Release|Any CPU
		{2D12AAAA-E0C3-406A-9E35-AAA2F517BB09}.Release|Any CPU.Build.0 = Release|Any CPU
		{45F8E5F2-7626-4E2B-8F6D-4956F4624F08}.Debug|Any CPU.ActiveCfg = Debug|Any CPU
		{45F8E5F2-7626-4E2B-8F6D-4956F4624F08}.Debug|Any CPU.Build.0 = Debug|Any CPU
		{45F8E5F2-7626-4E2B-8F6D-4956F4624F08}.Release|Any CPU.ActiveCfg = Release|Any CPU
		{45F8E5F2-7626-4E2B-8F6D-4956F4624F08}.Release|Any CPU.Build.0 = Release|Any CPU
		{D193FD19-A927-4A1E-BD16-C3F16CF72242}.Debug|Any CPU.ActiveCfg = Debug|Any CPU
		{D193FD19-A927-4A1E-BD16-C3F16CF72242}.Debug|Any CPU.Build.0 = Debug|Any CPU
		{D193FD19-A927-4A1E-BD16-C3F16CF72242}.Release|Any CPU.ActiveCfg = Release|Any CPU
		{D193FD19-A927-4A1E-BD16-C3F16CF72242}.Release|Any CPU.Build.0 = Release|Any CPU
		{09E77D14-1067-40A5-9777-CD7FC39C36AC}.Debug|Any CPU.ActiveCfg = Debug|Any CPU
		{09E77D14-1067-40A5-9777-CD7FC39C36AC}.Debug|Any CPU.Build.0 = Debug|Any CPU
		{09E77D14-1067-40A5-9777-CD7FC39C36AC}.Release|Any CPU.ActiveCfg = Release|Any CPU
		{09E77D14-1067-40A5-9777-CD7FC39C36AC}.Release|Any CPU.Build.0 = Release|Any CPU
	EndGlobalSection
	GlobalSection(SolutionProperties) = preSolution
		HideSolutionNode = FALSE
	EndGlobalSection
EndGlobal
